
Microsoft Visual Studio Solution File, Format Version 12.00
# Visual Studio Version 17
VisualStudioVersion = 17.4.33122.133
MinimumVisualStudioVersion = 10.0.40219.1
Project("{FAE04EC0-301F-11D3-BF4B-00C04F79EFBC}") = "TestAPI", "TestAPI\TestAPI.csproj", "{AC5B5B35-F484-4D33-B86B-FAD986A57246}"
EndProject
Global
	GlobalSection(SolutionConfigurationPlatforms) = preSolution
		Debug|Any CPU = Debug|Any CPU
		Release|Any CPU = Release|Any CPU
	EndGlobalSection
	GlobalSection(ProjectConfigurationPlatforms) = postSolution
		{AC5B5B35-F484-4D33-B86B-FAD986A57246}.Debug|Any CPU.ActiveCfg = Debug|Any CPU
		{AC5B5B35-F484-4D33-B86B-FAD986A57246}.Debug|Any CPU.Build.0 = Debug|Any CPU
		{AC5B5B35-F484-4D33-B86B-FAD986A57246}.Release|Any CPU.ActiveCfg = Release|Any CPU
		{AC5B5B35-F484-4D33-B86B-FAD986A57246}.Release|Any CPU.Build.0 = Release|Any CPU
	EndGlobalSection
	GlobalSection(SolutionProperties) = preSolution
		HideSolutionNode = FALSE
	EndGlobalSection
	GlobalSection(ExtensibilityGlobals) = postSolution
		SolutionGuid = {C4225E1F-09AB-4FBE-B47C-2F43EC9A6B8F}
	EndGlobalSection
EndGlobal
